
Microsoft Visual Studio Solution File, Format Version 12.00
# Visual Studio Version 17
VisualStudioVersion = 17.3.32929.385
MinimumVisualStudioVersion = 10.0.40219.1
Project("{FAE04EC0-301F-11D3-BF4B-00C04F79EFBC}") = "TelephoneDiary", "TelephoneDiary\TelephoneDiary.csproj", "{C01D1279-3E23-4D24-8724-B294F8CE6292}"
EndProject
Global
	GlobalSection(SolutionConfigurationPlatforms) = preSolution
		Debug|Any CPU = Debug|Any CPU
		Release|Any CPU = Release|Any CPU
	EndGlobalSection
	GlobalSection(ProjectConfigurationPlatforms) = postSolution
		{C01D1279-3E23-4D24-8724-B294F8CE6292}.Debug|Any CPU.ActiveCfg = Debug|Any CPU
		{C01D1279-3E23-4D24-8724-B294F8CE6292}.Debug|Any CPU.Build.0 = Debug|Any CPU
		{C01D1279-3E23-4D24-8724-B294F8CE6292}.Release|Any CPU.ActiveCfg = Release|Any CPU
		{C01D1279-3E23-4D24-8724-B294F8CE6292}.Release|Any CPU.Build.0 = Release|Any CPU
	EndGlobalSection
	GlobalSection(SolutionProperties) = preSolution
		HideSolutionNode = FALSE
	EndGlobalSection
	GlobalSection(ExtensibilityGlobals) = postSolution
		SolutionGuid = {98474F0C-DA2B-4485-BA60-A59F8A5588EB}
	EndGlobalSection
EndGlobal
